
Microsoft Visual Studio Solution File, Format Version 12.00
# Visual Studio Version 17
VisualStudioVersion = 17.14.36202.13 d17.14
MinimumVisualStudioVersion = 10.0.40219.1
Project("{FAE04EC0-301F-11D3-BF4B-00C04F79EFBC}") = "bts-gsb", "bts-gsb.csproj", "{5CC8A396-DA19-4CE3-959B-769ADD1D5998}"
EndProject
Global
	GlobalSection(SolutionConfigurationPlatforms) = preSolution
		Debug|Any CPU = Debug|Any CPU
		Release|Any CPU = Release|Any CPU
	EndGlobalSection
	GlobalSection(ProjectConfigurationPlatforms) = postSolution
		{5CC8A396-DA19-4CE3-959B-769ADD1D5998}.Debug|Any CPU.ActiveCfg = Debug|Any CPU
		{5CC8A396-DA19-4CE3-959B-769ADD1D5998}.Debug|Any CPU.Build.0 = Debug|Any CPU
		{5CC8A396-DA19-4CE3-959B-769ADD1D5998}.Release|Any CPU.ActiveCfg = Release|Any CPU
		{5CC8A396-DA19-4CE3-959B-769ADD1D5998}.Release|Any CPU.Build.0 = Release|Any CPU
	EndGlobalSection
	GlobalSection(SolutionProperties) = preSolution
		HideSolutionNode = FALSE
	EndGlobalSection
	GlobalSection(ExtensibilityGlobals) = postSolution
		SolutionGuid = {C1A74325-951F-4686-A3C6-EBFF07C4FE0A}
	EndGlobalSection
EndGlobal
